
Microsoft Visual Studio Solution File, Format Version 12.00
# Visual Studio Version 17
VisualStudioVersion = 17.7.34202.233
MinimumVisualStudioVersion = 10.0.40219.1
Project("{FAE04EC0-301F-11D3-BF4B-00C04F79EFBC}") = "курсач10", "курсач10\курсач10.csproj", "{D477BAC8-D220-4C0F-9DFB-1795BE43B954}"
EndProject
Global
	GlobalSection(SolutionConfigurationPlatforms) = preSolution
		Debug|Any CPU = Debug|Any CPU
		Release|Any CPU = Release|Any CPU
	EndGlobalSection
	GlobalSection(ProjectConfigurationPlatforms) = postSolution
		{D477BAC8-D220-4C0F-9DFB-1795BE43B954}.Debug|Any CPU.ActiveCfg = Debug|Any CPU
		{D477BAC8-D220-4C0F-9DFB-1795BE43B954}.Debug|Any CPU.Build.0 = Debug|Any CPU
		{D477BAC8-D220-4C0F-9DFB-1795BE43B954}.Release|Any CPU.ActiveCfg = Release|Any CPU
		{D477BAC8-D220-4C0F-9DFB-1795BE43B954}.Release|Any CPU.Build.0 = Release|Any CPU
	EndGlobalSection
	GlobalSection(SolutionProperties) = preSolution
		HideSolutionNode = FALSE
	EndGlobalSection
	GlobalSection(ExtensibilityGlobals) = postSolution
		SolutionGuid = {9A6671AD-835F-4C32-9709-6417E494D832}
	EndGlobalSection
EndGlobal
